# This file is automatically @generated by Cargo.
# It is not intended for manual editing.
version = 4

[[package]]
name = "bc-app"
version = "0.1.0"

[[package]]
name = "bc-cli"
version = "0.1.0"

[[package]]
name = "bc-core"
version = "0.1.0"
dependencies = [
 "bc-models",
]

[[package]]
name = "bc-format-beancount"
version = "0.1.0"

[[package]]
name = "bc-format-csv"
version = "0.1.0"

[[package]]
name = "bc-format-ledger"
version = "0.1.0"

[[package]]
name = "bc-format-ofx"
version = "0.1.0"

[[package]]
name = "bc-models"
version = "0.1.0"

[[package]]
name = "bc-plugins"
version = "0.1.0"
dependencies = [
 "bc-core",
 "bc-models",
]

[[package]]
name = "bc-sdk"
version = "0.1.0"

[[package]]
name = "bc-tui"
version = "0.1.0"
